
Microsoft Visual Studio Solution File, Format Version 12.00
# Visual Studio Version 16
VisualStudioVersion = 16.0.31624.102
MinimumVisualStudioVersion = 10.0.40219.1
Project("{FAE04EC0-301F-11D3-BF4B-00C04F79EFBC}") = "TiendaRosse-MVC", "TiendaRosse-MVC\TiendaRosse-MVC.csproj", "{ACF1A865-B7ED-4777-9DE0-1C74BA8A2853}"
EndProject
Global
	GlobalSection(SolutionConfigurationPlatforms) = preSolution
		Debug|Any CPU = Debug|Any CPU
		Release|Any CPU = Release|Any CPU
	EndGlobalSection
	GlobalSection(ProjectConfigurationPlatforms) = postSolution
		{ACF1A865-B7ED-4777-9DE0-1C74BA8A2853}.Debug|Any CPU.ActiveCfg = Debug|Any CPU
		{ACF1A865-B7ED-4777-9DE0-1C74BA8A2853}.Debug|Any CPU.Build.0 = Debug|Any CPU
		{ACF1A865-B7ED-4777-9DE0-1C74BA8A2853}.Release|Any CPU.ActiveCfg = Release|Any CPU
		{ACF1A865-B7ED-4777-9DE0-1C74BA8A2853}.Release|Any CPU.Build.0 = Release|Any CPU
	EndGlobalSection
	GlobalSection(SolutionProperties) = preSolution
		HideSolutionNode = FALSE
	EndGlobalSection
	GlobalSection(ExtensibilityGlobals) = postSolution
		SolutionGuid = {B3EF2880-6BB9-4787-82F7-09F7FD3941C8}
	EndGlobalSection
EndGlobal
